
{
  "name": "frontend",
  "version": "0.0.0",
  "lockfileVersion": 2,
  "requires": true,
  "packages": {
    "": {
      "name": "frontend",
      "version": "0.0.0",
      "dependencies": {
        "@fluentui/react": "^8.105.3",
        "@fluentui/react-icons": "^2.0.195",
        "@react-spring/web": "^9.7.1",
        "dompurify": "^3.0.1",
        "react": "^18.2.0",
        "react-dom": "^18.2.0",
        "react-router-dom": "^6.8.1"
      },
      "devDependencies": {
        "@types/dompurify": "^2.4.0",
        "@types/react": "^18.0.27",
        "@types/react-dom": "^18.0.10",
        "@vitejs/plugin-react": "^3.1.0",
        "prettier": "^2.8.3",
        "typescript": "^4.9.3",
        "vite": "^4.1.0"
      }
    },
    "node_modules/@ampproject/remapping": {
      "version": "2.2.0",
      "resolved": "https://registry.npmjs.org/@ampproject/remapping/-/remapping-2.2.0.tgz",
      "integrity": "sha512-qRmjj8nj9qmLTQXXmaR1cck3UXSRMPrbsLJAasZpF+t3riI71BXed5ebIOYwQntykeZuhjsdweEc9BxH5Jc26w==",
      "dev": true,
      "dependencies": {
        "@jridgewell/gen-mapping": "^0.1.0",
        "@jridgewell/trace-mapping": "^0.3.9"
      },
      "engines": {
        "node": ">=6.0.0"
      }
    },
    "node_modules/@babel/code-frame": {
      "version": "7.18.6",
      "resolved": "https://registry.npmjs.org/@babel/code-frame/-/code-frame-7.18.6.tgz",
      "integrity": "sha512-TDCmlK5eOvH+eH7cdAFlNXeVJqWIQ7gW9tY1GJIpUtFb6CmjVyq2VM3u71bOyR8CRihcCgMUYoDNyLXao3+70Q==",
      "dev": true,
      "dependencies": {
        "@babel/highlight": "^7.18.6"
      },
      "engines": {
        "node": ">=6.9.0"
      }
    },
    "node_modules/@babel/compat-data": {
      "version": "7.20.14",
      "resolved": "https://registry.npmjs.org/@babel/compat-data/-/compat-data-7.20.14.tgz",
      "integrity": "sha512-0YpKHD6ImkWMEINCyDAD0HLLUH/lPCefG8ld9it8DJB2wnApraKuhgYTvTY1z7UFIfBTGy5LwncZ+5HWWGbhFw==",
      "dev": true,
      "engines": {
        "node": ">=6.9.0"
      }
    },
    "node_modules/@babel/core": {
      "version": "7.20.12",
      "resolved": "https://registry.npmjs.org/@babel/core/-/core-7.20.12.tgz",
      "integrity": "sha512-XsMfHovsUYHFMdrIHkZphTN/2Hzzi78R08NuHfDBehym2VsPDL6Zn/JAD/JQdnRvbSsbQc4mVaU1m6JgtTEElg==",
      "dev": true,
      "dependencies": {
        "@ampproject/remapping": "^2.1.0",
        "@babel/code-frame": "^7.18.6",
        "@babel/generator": "^7.20.7",
        "@babel/helper-compilation-targets": "^7.20.7",
        "@babel/helper-module-transforms": "^7.20.11",
        "@babel/helpers": "^7.20.7",
        "@babel/parser": "^7.20.7",
        "@babel/template": "^7.20.7",
        "@babel/traverse": "^7.20.12",
        "@babel/types": "^7.20.7",
        "convert-source-map": "^1.7.0",
        "debug": "^4.1.0",
        "gensync": "^1.0.0-beta.2",
        "json5": "^2.2.2",
        "semver": "^6.3.0"
      },
      "engines": {
        "node": ">=6.9.0"
      },
      "funding": {
        "type": "opencollective",
        "url": "https://opencollective.com/babel"
      }
    },
    "node_modules/@babel/generator": {
      "version": "7.20.14",
      "resolved": "https://registry.npmjs.org/@babel/generator/-/generator-7.20.14.tgz",
      "integrity": "sha512-AEmuXHdcD3A52HHXxaTmYlb8q/xMEhoRP67B3T4Oq7lbmSoqroMZzjnGj3+i1io3pdnF8iBYVu4Ilj+c4hBxYg==",
      "dev": true,
      "dependencies": {
        "@babel/types": "^7.20.7",
        "@jridgewell/gen-mapping": "^0.3.2",
        "jsesc": "^2.5.1"